
Microsoft Visual Studio Solution File, Format Version 12.00
# Visual Studio 15
VisualStudioVersion = 15.0.28010.2036
MinimumVisualStudioVersion = 10.0.40219.1
Project("{FAE04EC0-301F-11D3-BF4B-00C04F79EFBC}") = "multilayergrimtol", "multilayergrimtol\multilayergrimtol.csproj", "{247F5CB9-A8CB-47A5-9F17-75FBB4E3D8D2}"
EndProject
Global
	GlobalSection(SolutionConfigurationPlatforms) = preSolution
		Debug|Any CPU = Debug|Any CPU
		Release|Any CPU = Release|Any CPU
	EndGlobalSection
	GlobalSection(ProjectConfigurationPlatforms) = postSolution
		{247F5CB9-A8CB-47A5-9F17-75FBB4E3D8D2}.Debug|Any CPU.ActiveCfg = Debug|Any CPU
		{247F5CB9-A8CB-47A5-9F17-75FBB4E3D8D2}.Debug|Any CPU.Build.0 = Debug|Any CPU
		{247F5CB9-A8CB-47A5-9F17-75FBB4E3D8D2}.Release|Any CPU.ActiveCfg = Release|Any CPU
		{247F5CB9-A8CB-47A5-9F17-75FBB4E3D8D2}.Release|Any CPU.Build.0 = Release|Any CPU
	EndGlobalSection
	GlobalSection(SolutionProperties) = preSolution
		HideSolutionNode = FALSE
	EndGlobalSection
	GlobalSection(ExtensibilityGlobals) = postSolution
		SolutionGuid = {9D3FBF59-9837-467F-A327-861938E3C072}
	EndGlobalSection
EndGlobal
